
Microsoft Visual Studio Solution File, Format Version 12.00
# Visual Studio Version 16
VisualStudioVersion = 16.0.31605.320
MinimumVisualStudioVersion = 10.0.40219.1
Project("{FAE04EC0-301F-11D3-BF4B-00C04F79EFBC}") = "Idade", "Idade\Idade.csproj", "{88C461FA-96FF-493E-905A-FC88FD35C0A9}"
EndProject
Global
	GlobalSection(SolutionConfigurationPlatforms) = preSolution
		Debug|Any CPU = Debug|Any CPU
		Release|Any CPU = Release|Any CPU
	EndGlobalSection
	GlobalSection(ProjectConfigurationPlatforms) = postSolution
		{88C461FA-96FF-493E-905A-FC88FD35C0A9}.Debug|Any CPU.ActiveCfg = Debug|Any CPU
		{88C461FA-96FF-493E-905A-FC88FD35C0A9}.Debug|Any CPU.Build.0 = Debug|Any CPU
		{88C461FA-96FF-493E-905A-FC88FD35C0A9}.Release|Any CPU.ActiveCfg = Release|Any CPU
		{88C461FA-96FF-493E-905A-FC88FD35C0A9}.Release|Any CPU.Build.0 = Release|Any CPU
	EndGlobalSection
	GlobalSection(SolutionProperties) = preSolution
		HideSolutionNode = FALSE
	EndGlobalSection
	GlobalSection(ExtensibilityGlobals) = postSolution
		SolutionGuid = {FFCF0C19-6A04-4D3C-85CE-49BB7DF6FEB8}
	EndGlobalSection
EndGlobal
