
Microsoft Visual Studio Solution File, Format Version 12.00
# Visual Studio Version 16
VisualStudioVersion = 16.0.31605.320
MinimumVisualStudioVersion = 10.0.40219.1
Project("{FAE04EC0-301F-11D3-BF4B-00C04F79EFBC}") = "Produto Simples", "Produto Simples\Produto Simples.csproj", "{FCFC8EB1-1C07-4936-9326-2A041119F008}"
EndProject
Global
	GlobalSection(SolutionConfigurationPlatforms) = preSolution
		Debug|Any CPU = Debug|Any CPU
		Release|Any CPU = Release|Any CPU
	EndGlobalSection
	GlobalSection(ProjectConfigurationPlatforms) = postSolution
		{FCFC8EB1-1C07-4936-9326-2A041119F008}.Debug|Any CPU.ActiveCfg = Debug|Any CPU
		{FCFC8EB1-1C07-4936-9326-2A041119F008}.Debug|Any CPU.Build.0 = Debug|Any CPU
		{FCFC8EB1-1C07-4936-9326-2A041119F008}.Release|Any CPU.ActiveCfg = Release|Any CPU
		{FCFC8EB1-1C07-4936-9326-2A041119F008}.Release|Any CPU.Build.0 = Release|Any CPU
	EndGlobalSection
	GlobalSection(SolutionProperties) = preSolution
		HideSolutionNode = FALSE
	EndGlobalSection
	GlobalSection(ExtensibilityGlobals) = postSolution
		SolutionGuid = {4808325E-BA7E-4705-8925-6DFA101CE232}
	EndGlobalSection
EndGlobal
