
Microsoft Visual Studio Solution File, Format Version 12.00
# Visual Studio Version 16
VisualStudioVersion = 16.0.31605.320
MinimumVisualStudioVersion = 10.0.40219.1
Project("{FAE04EC0-301F-11D3-BF4B-00C04F79EFBC}") = "1040", "1040\1040.csproj", "{502CC1C2-E319-471D-BDDB-CC2657B58048}"
EndProject
Global
	GlobalSection(SolutionConfigurationPlatforms) = preSolution
		Debug|Any CPU = Debug|Any CPU
		Release|Any CPU = Release|Any CPU
	EndGlobalSection
	GlobalSection(ProjectConfigurationPlatforms) = postSolution
		{502CC1C2-E319-471D-BDDB-CC2657B58048}.Debug|Any CPU.ActiveCfg = Debug|Any CPU
		{502CC1C2-E319-471D-BDDB-CC2657B58048}.Debug|Any CPU.Build.0 = Debug|Any CPU
		{502CC1C2-E319-471D-BDDB-CC2657B58048}.Release|Any CPU.ActiveCfg = Release|Any CPU
		{502CC1C2-E319-471D-BDDB-CC2657B58048}.Release|Any CPU.Build.0 = Release|Any CPU
	EndGlobalSection
	GlobalSection(SolutionProperties) = preSolution
		HideSolutionNode = FALSE
	EndGlobalSection
	GlobalSection(ExtensibilityGlobals) = postSolution
		SolutionGuid = {977FD726-36E8-4073-A6A5-DD12D5AAB61B}
	EndGlobalSection
EndGlobal
