
Microsoft Visual Studio Solution File, Format Version 12.00
# Visual Studio Version 16
VisualStudioVersion = 16.0.31605.320
MinimumVisualStudioVersion = 10.0.40219.1
Project("{FAE04EC0-301F-11D3-BF4B-00C04F79EFBC}") = "Notas e moedas", "Notas e moedas\Notas e moedas.csproj", "{65A7D617-F0E9-49DC-9B5A-C925B798782C}"
EndProject
Global
	GlobalSection(SolutionConfigurationPlatforms) = preSolution
		Debug|Any CPU = Debug|Any CPU
		Release|Any CPU = Release|Any CPU
	EndGlobalSection
	GlobalSection(ProjectConfigurationPlatforms) = postSolution
		{65A7D617-F0E9-49DC-9B5A-C925B798782C}.Debug|Any CPU.ActiveCfg = Debug|Any CPU
		{65A7D617-F0E9-49DC-9B5A-C925B798782C}.Debug|Any CPU.Build.0 = Debug|Any CPU
		{65A7D617-F0E9-49DC-9B5A-C925B798782C}.Release|Any CPU.ActiveCfg = Release|Any CPU
		{65A7D617-F0E9-49DC-9B5A-C925B798782C}.Release|Any CPU.Build.0 = Release|Any CPU
	EndGlobalSection
	GlobalSection(SolutionProperties) = preSolution
		HideSolutionNode = FALSE
	EndGlobalSection
	GlobalSection(ExtensibilityGlobals) = postSolution
		SolutionGuid = {38611163-9ACF-4A9D-9960-D2373B4982C8}
	EndGlobalSection
EndGlobal
