
Microsoft Visual Studio Solution File, Format Version 12.00
# Visual Studio Version 16
VisualStudioVersion = 16.0.31605.320
MinimumVisualStudioVersion = 10.0.40219.1
Project("{FAE04EC0-301F-11D3-BF4B-00C04F79EFBC}") = "Extremamente Básico", "Extremamente Básico\Extremamente Básico.csproj", "{29C8D55C-9FD6-4EF3-B13E-0EC50C27BFD8}"
EndProject
Global
	GlobalSection(SolutionConfigurationPlatforms) = preSolution
		Debug|Any CPU = Debug|Any CPU
		Release|Any CPU = Release|Any CPU
	EndGlobalSection
	GlobalSection(ProjectConfigurationPlatforms) = postSolution
		{29C8D55C-9FD6-4EF3-B13E-0EC50C27BFD8}.Debug|Any CPU.ActiveCfg = Debug|Any CPU
		{29C8D55C-9FD6-4EF3-B13E-0EC50C27BFD8}.Debug|Any CPU.Build.0 = Debug|Any CPU
		{29C8D55C-9FD6-4EF3-B13E-0EC50C27BFD8}.Release|Any CPU.ActiveCfg = Release|Any CPU
		{29C8D55C-9FD6-4EF3-B13E-0EC50C27BFD8}.Release|Any CPU.Build.0 = Release|Any CPU
	EndGlobalSection
	GlobalSection(SolutionProperties) = preSolution
		HideSolutionNode = FALSE
	EndGlobalSection
	GlobalSection(ExtensibilityGlobals) = postSolution
		SolutionGuid = {C9E8C3D1-E088-4C97-A3A3-3007EA67413D}
	EndGlobalSection
EndGlobal
