
Microsoft Visual Studio Solution File, Format Version 12.00
# Visual Studio Version 16
VisualStudioVersion = 16.0.31605.320
MinimumVisualStudioVersion = 10.0.40219.1
Project("{FAE04EC0-301F-11D3-BF4B-00C04F79EFBC}") = "Imposto de Renda", "Imposto de Renda\Imposto de Renda.csproj", "{2C18CA23-313B-45AD-9D45-A269BD52977C}"
EndProject
Global
	GlobalSection(SolutionConfigurationPlatforms) = preSolution
		Debug|Any CPU = Debug|Any CPU
		Release|Any CPU = Release|Any CPU
	EndGlobalSection
	GlobalSection(ProjectConfigurationPlatforms) = postSolution
		{2C18CA23-313B-45AD-9D45-A269BD52977C}.Debug|Any CPU.ActiveCfg = Debug|Any CPU
		{2C18CA23-313B-45AD-9D45-A269BD52977C}.Debug|Any CPU.Build.0 = Debug|Any CPU
		{2C18CA23-313B-45AD-9D45-A269BD52977C}.Release|Any CPU.ActiveCfg = Release|Any CPU
		{2C18CA23-313B-45AD-9D45-A269BD52977C}.Release|Any CPU.Build.0 = Release|Any CPU
	EndGlobalSection
	GlobalSection(SolutionProperties) = preSolution
		HideSolutionNode = FALSE
	EndGlobalSection
	GlobalSection(ExtensibilityGlobals) = postSolution
		SolutionGuid = {14A20901-3059-4A8D-A9DE-1AAD087D2677}
	EndGlobalSection
EndGlobal
