
Microsoft Visual Studio Solution File, Format Version 12.00
# Visual Studio Version 16
VisualStudioVersion = 16.0.31605.320
MinimumVisualStudioVersion = 10.0.40219.1
Project("{FAE04EC0-301F-11D3-BF4B-00C04F79EFBC}") = "Area", "Area\Area.csproj", "{2264C97F-C7FA-4157-B52D-29B55BACD61E}"
EndProject
Global
	GlobalSection(SolutionConfigurationPlatforms) = preSolution
		Debug|Any CPU = Debug|Any CPU
		Release|Any CPU = Release|Any CPU
	EndGlobalSection
	GlobalSection(ProjectConfigurationPlatforms) = postSolution
		{2264C97F-C7FA-4157-B52D-29B55BACD61E}.Debug|Any CPU.ActiveCfg = Debug|Any CPU
		{2264C97F-C7FA-4157-B52D-29B55BACD61E}.Debug|Any CPU.Build.0 = Debug|Any CPU
		{2264C97F-C7FA-4157-B52D-29B55BACD61E}.Release|Any CPU.ActiveCfg = Release|Any CPU
		{2264C97F-C7FA-4157-B52D-29B55BACD61E}.Release|Any CPU.Build.0 = Release|Any CPU
	EndGlobalSection
	GlobalSection(SolutionProperties) = preSolution
		HideSolutionNode = FALSE
	EndGlobalSection
	GlobalSection(ExtensibilityGlobals) = postSolution
		SolutionGuid = {7A248C5C-3305-4CBF-9E79-2A9680472C12}
	EndGlobalSection
EndGlobal
