
Microsoft Visual Studio Solution File, Format Version 12.00
# Visual Studio Version 16
VisualStudioVersion = 16.0.31605.320
MinimumVisualStudioVersion = 10.0.40219.1
Project("{FAE04EC0-301F-11D3-BF4B-00C04F79EFBC}") = "Fatorial", "Fatorial\Fatorial.csproj", "{79968B49-6534-4598-8E3D-9FC3E3E2683D}"
EndProject
Global
	GlobalSection(SolutionConfigurationPlatforms) = preSolution
		Debug|Any CPU = Debug|Any CPU
		Release|Any CPU = Release|Any CPU
	EndGlobalSection
	GlobalSection(ProjectConfigurationPlatforms) = postSolution
		{79968B49-6534-4598-8E3D-9FC3E3E2683D}.Debug|Any CPU.ActiveCfg = Debug|Any CPU
		{79968B49-6534-4598-8E3D-9FC3E3E2683D}.Debug|Any CPU.Build.0 = Debug|Any CPU
		{79968B49-6534-4598-8E3D-9FC3E3E2683D}.Release|Any CPU.ActiveCfg = Release|Any CPU
		{79968B49-6534-4598-8E3D-9FC3E3E2683D}.Release|Any CPU.Build.0 = Release|Any CPU
	EndGlobalSection
	GlobalSection(SolutionProperties) = preSolution
		HideSolutionNode = FALSE
	EndGlobalSection
	GlobalSection(ExtensibilityGlobals) = postSolution
		SolutionGuid = {52C8D853-3FEE-48B5-B917-C13FD083C4DA}
	EndGlobalSection
EndGlobal
