
Microsoft Visual Studio Solution File, Format Version 12.00
# Visual Studio Version 16
VisualStudioVersion = 16.0.31605.320
MinimumVisualStudioVersion = 10.0.40219.1
Project("{FAE04EC0-301F-11D3-BF4B-00C04F79EFBC}") = "Validador de CPF", "Validador de CPF\Validador de CPF.csproj", "{E4AEDCFA-561B-41B2-A816-7E8C6B451FCA}"
EndProject
Global
	GlobalSection(SolutionConfigurationPlatforms) = preSolution
		Debug|Any CPU = Debug|Any CPU
		Release|Any CPU = Release|Any CPU
	EndGlobalSection
	GlobalSection(ProjectConfigurationPlatforms) = postSolution
		{E4AEDCFA-561B-41B2-A816-7E8C6B451FCA}.Debug|Any CPU.ActiveCfg = Debug|Any CPU
		{E4AEDCFA-561B-41B2-A816-7E8C6B451FCA}.Debug|Any CPU.Build.0 = Debug|Any CPU
		{E4AEDCFA-561B-41B2-A816-7E8C6B451FCA}.Release|Any CPU.ActiveCfg = Release|Any CPU
		{E4AEDCFA-561B-41B2-A816-7E8C6B451FCA}.Release|Any CPU.Build.0 = Release|Any CPU
	EndGlobalSection
	GlobalSection(SolutionProperties) = preSolution
		HideSolutionNode = FALSE
	EndGlobalSection
	GlobalSection(ExtensibilityGlobals) = postSolution
		SolutionGuid = {4F3ECAAD-40F3-4F5D-9902-A865FB1CA179}
	EndGlobalSection
EndGlobal
