
Microsoft Visual Studio Solution File, Format Version 12.00
# Visual Studio Version 16
VisualStudioVersion = 16.0.31605.320
MinimumVisualStudioVersion = 10.0.40219.1
Project("{FAE04EC0-301F-11D3-BF4B-00C04F79EFBC}") = "Quadrado e ao cubo", "Quadrado e ao cubo\Quadrado e ao cubo.csproj", "{5A46F45F-B905-4021-B6EE-9D11F3D62F5B}"
EndProject
Global
	GlobalSection(SolutionConfigurationPlatforms) = preSolution
		Debug|Any CPU = Debug|Any CPU
		Release|Any CPU = Release|Any CPU
	EndGlobalSection
	GlobalSection(ProjectConfigurationPlatforms) = postSolution
		{5A46F45F-B905-4021-B6EE-9D11F3D62F5B}.Debug|Any CPU.ActiveCfg = Debug|Any CPU
		{5A46F45F-B905-4021-B6EE-9D11F3D62F5B}.Debug|Any CPU.Build.0 = Debug|Any CPU
		{5A46F45F-B905-4021-B6EE-9D11F3D62F5B}.Release|Any CPU.ActiveCfg = Release|Any CPU
		{5A46F45F-B905-4021-B6EE-9D11F3D62F5B}.Release|Any CPU.Build.0 = Release|Any CPU
	EndGlobalSection
	GlobalSection(SolutionProperties) = preSolution
		HideSolutionNode = FALSE
	EndGlobalSection
	GlobalSection(ExtensibilityGlobals) = postSolution
		SolutionGuid = {359EA45A-68ED-4CDF-8168-1819BC5A2069}
	EndGlobalSection
EndGlobal
