
Microsoft Visual Studio Solution File, Format Version 12.00
# Visual Studio Version 16
VisualStudioVersion = 16.0.31605.320
MinimumVisualStudioVersion = 10.0.40219.1
Project("{FAE04EC0-301F-11D3-BF4B-00C04F79EFBC}") = "DDD", "DDD\DDD.csproj", "{BD77C6CB-BD72-4403-A8B6-5A37C8C3A6AF}"
EndProject
Global
	GlobalSection(SolutionConfigurationPlatforms) = preSolution
		Debug|Any CPU = Debug|Any CPU
		Release|Any CPU = Release|Any CPU
	EndGlobalSection
	GlobalSection(ProjectConfigurationPlatforms) = postSolution
		{BD77C6CB-BD72-4403-A8B6-5A37C8C3A6AF}.Debug|Any CPU.ActiveCfg = Debug|Any CPU
		{BD77C6CB-BD72-4403-A8B6-5A37C8C3A6AF}.Debug|Any CPU.Build.0 = Debug|Any CPU
		{BD77C6CB-BD72-4403-A8B6-5A37C8C3A6AF}.Release|Any CPU.ActiveCfg = Release|Any CPU
		{BD77C6CB-BD72-4403-A8B6-5A37C8C3A6AF}.Release|Any CPU.Build.0 = Release|Any CPU
	EndGlobalSection
	GlobalSection(SolutionProperties) = preSolution
		HideSolutionNode = FALSE
	EndGlobalSection
	GlobalSection(ExtensibilityGlobals) = postSolution
		SolutionGuid = {FFEED464-CC35-45EE-B9A0-A6301C28FB47}
	EndGlobalSection
EndGlobal
