
Microsoft Visual Studio Solution File, Format Version 12.00
# Visual Studio Version 16
VisualStudioVersion = 16.0.31605.320
MinimumVisualStudioVersion = 10.0.40219.1
Project("{FAE04EC0-301F-11D3-BF4B-00C04F79EFBC}") = "Consumo", "Consumo\Consumo.csproj", "{334F703D-2AEC-40B6-B3F7-21C6C83DC7A9}"
EndProject
Global
	GlobalSection(SolutionConfigurationPlatforms) = preSolution
		Debug|Any CPU = Debug|Any CPU
		Release|Any CPU = Release|Any CPU
	EndGlobalSection
	GlobalSection(ProjectConfigurationPlatforms) = postSolution
		{334F703D-2AEC-40B6-B3F7-21C6C83DC7A9}.Debug|Any CPU.ActiveCfg = Debug|Any CPU
		{334F703D-2AEC-40B6-B3F7-21C6C83DC7A9}.Debug|Any CPU.Build.0 = Debug|Any CPU
		{334F703D-2AEC-40B6-B3F7-21C6C83DC7A9}.Release|Any CPU.ActiveCfg = Release|Any CPU
		{334F703D-2AEC-40B6-B3F7-21C6C83DC7A9}.Release|Any CPU.Build.0 = Release|Any CPU
	EndGlobalSection
	GlobalSection(SolutionProperties) = preSolution
		HideSolutionNode = FALSE
	EndGlobalSection
	GlobalSection(ExtensibilityGlobals) = postSolution
		SolutionGuid = {E666B6E7-79C4-4A53-B7C0-19DF08AE50C9}
	EndGlobalSection
EndGlobal
