
Microsoft Visual Studio Solution File, Format Version 12.00
# Visual Studio Version 16
VisualStudioVersion = 16.0.31605.320
MinimumVisualStudioVersion = 10.0.40219.1
Project("{FAE04EC0-301F-11D3-BF4B-00C04F79EFBC}") = "Maior Entrada", "Maior Entrada\Maior Entrada.csproj", "{037A60AD-C2E3-48A3-B5B6-6CD7D380742C}"
EndProject
Global
	GlobalSection(SolutionConfigurationPlatforms) = preSolution
		Debug|Any CPU = Debug|Any CPU
		Release|Any CPU = Release|Any CPU
	EndGlobalSection
	GlobalSection(ProjectConfigurationPlatforms) = postSolution
		{037A60AD-C2E3-48A3-B5B6-6CD7D380742C}.Debug|Any CPU.ActiveCfg = Debug|Any CPU
		{037A60AD-C2E3-48A3-B5B6-6CD7D380742C}.Debug|Any CPU.Build.0 = Debug|Any CPU
		{037A60AD-C2E3-48A3-B5B6-6CD7D380742C}.Release|Any CPU.ActiveCfg = Release|Any CPU
		{037A60AD-C2E3-48A3-B5B6-6CD7D380742C}.Release|Any CPU.Build.0 = Release|Any CPU
	EndGlobalSection
	GlobalSection(SolutionProperties) = preSolution
		HideSolutionNode = FALSE
	EndGlobalSection
	GlobalSection(ExtensibilityGlobals) = postSolution
		SolutionGuid = {29DBE118-ADB3-44ED-B785-1BE2E56BDBB8}
	EndGlobalSection
EndGlobal
