
Microsoft Visual Studio Solution File, Format Version 12.00
# Visual Studio Version 16
VisualStudioVersion = 16.0.31605.320
MinimumVisualStudioVersion = 10.0.40219.1
Project("{FAE04EC0-301F-11D3-BF4B-00C04F79EFBC}") = "Distancia", "Distancia\Distancia.csproj", "{DC2AC1C5-24AE-445C-AA8A-2894BE7E0A12}"
EndProject
Global
	GlobalSection(SolutionConfigurationPlatforms) = preSolution
		Debug|Any CPU = Debug|Any CPU
		Release|Any CPU = Release|Any CPU
	EndGlobalSection
	GlobalSection(ProjectConfigurationPlatforms) = postSolution
		{DC2AC1C5-24AE-445C-AA8A-2894BE7E0A12}.Debug|Any CPU.ActiveCfg = Debug|Any CPU
		{DC2AC1C5-24AE-445C-AA8A-2894BE7E0A12}.Debug|Any CPU.Build.0 = Debug|Any CPU
		{DC2AC1C5-24AE-445C-AA8A-2894BE7E0A12}.Release|Any CPU.ActiveCfg = Release|Any CPU
		{DC2AC1C5-24AE-445C-AA8A-2894BE7E0A12}.Release|Any CPU.Build.0 = Release|Any CPU
	EndGlobalSection
	GlobalSection(SolutionProperties) = preSolution
		HideSolutionNode = FALSE
	EndGlobalSection
	GlobalSection(ExtensibilityGlobals) = postSolution
		SolutionGuid = {B28A81B4-B735-4BF4-BB05-C9AD9EDB15EA}
	EndGlobalSection
EndGlobal
