
Microsoft Visual Studio Solution File, Format Version 12.00
# Visual Studio Version 16
VisualStudioVersion = 16.0.31605.320
MinimumVisualStudioVersion = 10.0.40219.1
Project("{FAE04EC0-301F-11D3-BF4B-00C04F79EFBC}") = "Sequencia Logica 2", "Sequencia Logica 2\Sequencia Logica 2.csproj", "{B9A71E97-F6A7-4A8E-A5A6-4C2E1C2E094A}"
EndProject
Global
	GlobalSection(SolutionConfigurationPlatforms) = preSolution
		Debug|Any CPU = Debug|Any CPU
		Release|Any CPU = Release|Any CPU
	EndGlobalSection
	GlobalSection(ProjectConfigurationPlatforms) = postSolution
		{B9A71E97-F6A7-4A8E-A5A6-4C2E1C2E094A}.Debug|Any CPU.ActiveCfg = Debug|Any CPU
		{B9A71E97-F6A7-4A8E-A5A6-4C2E1C2E094A}.Debug|Any CPU.Build.0 = Debug|Any CPU
		{B9A71E97-F6A7-4A8E-A5A6-4C2E1C2E094A}.Release|Any CPU.ActiveCfg = Release|Any CPU
		{B9A71E97-F6A7-4A8E-A5A6-4C2E1C2E094A}.Release|Any CPU.Build.0 = Release|Any CPU
	EndGlobalSection
	GlobalSection(SolutionProperties) = preSolution
		HideSolutionNode = FALSE
	EndGlobalSection
	GlobalSection(ExtensibilityGlobals) = postSolution
		SolutionGuid = {7400B5AC-CC80-4524-9E26-63C28D511A1D}
	EndGlobalSection
EndGlobal
